// !$*UTF8*$!
{
	archiveVersion = 1;
	classes = {
	};
	objectVersion = 46;
	objects = {

/* Begin PBXBuildFile section */
		5FE5C1801E5FA2120061FAA2 /* AppDelegate.swift in Sources */ = {isa = PBXBuildFile; fileRef = 5FE5C17F1E5FA2120061FAA2 /* AppDelegate.swift */; };
		5FE5C1821E5FA2120061FAA2 /* ViewController.swift in Sources */ = {isa = PBXBuildFile; fileRef = 5FE5C1811E5FA2120061FAA2 /* ViewController.swift */; };
		5FE5C1851E5FA2120061FAA2 /* Main.storyboard in Resources */ = {isa = PBXBuildFile; fileRef = 5FE5C1831E5FA2120061FAA2 /* Main.storyboard */; };
		5FE5C1871E5FA2120061FAA2 /* Assets.xcassets in Resources */ = {isa = PBXBuildFile; fileRef = 5FE5C1861E5FA2120061FAA2 /* Assets.xcassets */; };
		5FE5C18A1E5FA2120061FAA2 /* LaunchScreen.storyboard in Resources */ = {isa = PBXBuildFile; fileRef = 5FE5C1881E5FA2120061FAA2 /* LaunchScreen.storyboard */; };
		5FE5C1921E5FA4A40061FAA2 /* LoginViewController.swift in Sources */ = {isa = PBXBuildFile; fileRef = 5FE5C1911E5FA4A40061FAA2 /* LoginViewController.swift */; };
		F9689407A967D9EE3C6C6A6D /* Pods_Chatter.framework in Frameworks */ = {isa = PBXBuildFile; fileRef = 4EFF983732A853E9E15812B9 /* Pods_Chatter.framework */; };
/* End PBXBuildFile section */

/* Begin PBXFileReference section */
		0F6C44BF6565DC5DA6B308E3 /* Pods-Chatter.debug.xcconfig */ = {isa = PBXFileReference; includeInIndex = 1; lastKnownFileType = text.xcconfig; name = "Pods-Chatter.debug.xcconfig"; path = "Pods/Target Support Files/Pods-Chatter/Pods-Chatter.debug.xcconfig"; sourceTree = "<group>"; };
		4C213DB47DBD5CCBD8AC78C6 /* Pods-Chatter.release.xcconfig */ = {isa = PBXFileReference; includeInIndex = 1; lastKnownFileType = text.xcconfig; name = "Pods-Chatter.release.xcconfig"; path = "Pods/Target Support Files/Pods-Chatter/Pods-Chatter.release.xcconfig"; sourceTree = "<group>"; };
		4EFF983732A853E9E15812B9 /* Pods_Chatter.framework */ = {isa = PBXFileReference; explicitFileType = wrapper.framework; includeInIndex = 0; path = Pods_Chatter.framework; sourceTree = BUILT_PRODUCTS_DIR; };
		5FE5C17C1E5FA2120061FAA2 /* Chatter.app */ = {isa = PBXFileReference; explicitFileType = wrapper.application; includeInIndex = 0; path = Chatter.app; sourceTree = BUILT_PRODUCTS_DIR; };
		5FE5C17F1E5FA2120061FAA2 /* AppDelegate.swift */ = {isa = PBXFileReference; lastKnownFileType = sourcecode.swift; path = AppDelegate.swift; sourceTree = "<group>"; };
		5FE5C1811E5FA2120061FAA2 /* ViewController.swift */ = {isa = PBXFileReference; lastKnownFileType = sourcecode.swift; path = ViewController.swift; sourceTree = "<group>"; };
		5FE5C1841E5FA2120061FAA2 /* Base */ = {isa = PBXFileReference; lastKnownFileType = file.storyboard; name = Base; path = Base.lproj/Main.storyboard; sourceTree = "<group>"; };
		5FE5C1861E5FA2120061FAA2 /* Assets.xcassets */ = {isa = PBXFileReference; lastKnownFileType = folder.assetcatalog; path = Assets.xcassets; sourceTree = "<group>"; };
		5FE5C1891E5FA2120061FAA2 /* Base */ = {isa = PBXFileReference; lastKnownFileType = file.storyboard; name = Base; path = Base.lproj/LaunchScreen.storyboard; sourceTree = "<group>"; };
		5FE5C18B1E5FA2120061FAA2 /* Info.plist */ = {isa = PBXFileReference; lastKnownFileType = text.plist.xml; path = Info.plist; sourceTree = "<group>"; };
		5FE5C1911E5FA4A40061FAA2 /* LoginViewController.swift */ = {isa = PBXFileReference; fileEncoding = 4; lastKnownFileType = sourcecode.swift; path = LoginViewController.swift; sourceTree = "<group>"; };
/* End PBXFileReference section */

/* Begin PBXFrameworksBuildPhase section */
		5FE5C1791E5FA2120061FAA2 /* Frameworks */ = {
			isa = PBXFrameworksBuildPhase;
			buildActionMask = 2147483647;
			files = (
				F9689407A967D9EE3C6C6A6D /* Pods_Chatter.framework in Frameworks */,
			);
			runOnlyForDeploymentPostprocessing = 0;
		};
/* End PBXFrameworksBuildPhase section */

/* Begin PBXGroup section */
		5A4E3204294769A34E0D4AAD /* Frameworks */ = {
			isa = PBXGroup;
			children = (
				4EFF983732A853E9E15812B9 /* Pods_Chatter.framework */,
			);
			name = Frameworks;
			sourceTree = "<group>";
		};
		5A51657B94BD80F3417D91C0 /* Pods */ = {
			isa = PBXGroup;
			children = (
				0F6C44BF6565DC5DA6B308E3 /* Pods-Chatter.debug.xcconfig */,
				4C213DB47DBD5CCBD8AC78C6 /* Pods-Chatter.release.xcconfig */,
			);
			name = Pods;
			sourceTree = "<group>";
		};
		5FE5C1731E5FA2120061FAA2 = {
			isa = PBXGroup;
			children = (
				5FE5C17E1E5FA2120061FAA2 /* Chatter */,
				5FE5C17D1E5FA2120061FAA2 /* Products */,
				5A51657B94BD80F3417D91C0 /* Pods */,
				5A4E3204294769A34E0D4AAD /* Frameworks */,
			);
			sourceTree = "<group>";
		};
		5FE5C17D1E5FA2120061FAA2 /* Products */ = {
			isa = PBXGroup;
			children = (
				5FE5C17C1E5FA2120061FAA2 /* Chatter.app */,
			);
			name = Products;
			sourceTree = "<group>";
		};
		5FE5C17E1E5FA2120061FAA2 /* Chatter */ = {
			isa = PBXGroup;
			children = (
				5FE5C17F1E5FA2120061FAA2 /* AppDelegate.swift */,
				5FE5C1911E5FA4A40061FAA2 /* LoginViewController.swift */,
				5FE5C1811E5FA2120061FAA2 /* ViewController.swift */,
				5FE5C1831E5FA2120061FAA2 /* Main.storyboard */,
				5FE5C1861E5FA2120061FAA2 /* Assets.xcassets */,
				5FE5C1881E5FA2120061FAA2 /* LaunchScreen.storyboard */,
				5FE5C18B1E5FA2120061FAA2 /* Info.plist */,
			);
			path = Chatter;
			sourceTree = "<group>";
		};
/* End PBXGroup section */

/* Begin PBXNativeTarget section */
		5FE5C17B1E5FA2120061FAA2 /* Chatter */ = {
			isa = PBXNativeTarget;
			buildConfigurationList = 5FE5C18E1E5FA2120061FAA2 /* Build configuration list for PBXNativeTarget "Chatter" */;
			buildPhases = (
				EE9066E7C4365C561E4E6199 /* [CP] Check Pods Manifest.lock */,
				5FE5C1781E5FA2120061FAA2 /* Sources */,
				5FE5C1791E5FA2120061FAA2 /* Frameworks */,
				5FE5C17A1E5FA2120061FAA2 /* Resources */,
				5528BD5D4D8F8CB84ECED19C /* [CP] Embed Pods Frameworks */,
				14D26F23FD20A987B8AB3A60 /* [CP] Copy Pods Resources */,
			);
			buildRules = (
			);
			dependencies = (
			);
			name = Chatter;
			productName = Chatter;
			productReference = 5FE5C17C1E5FA2120061FAA2 /* Chatter.app */;
			productType = "com.apple.product-type.application";
		};
/* End PBXNativeTarget section */

/* Begin PBXProject section */
		5FE5C1741E5FA2120061FAA2 /* Project object */ = {
			isa = PBXProject;
			attributes = {
				LastSwiftUpdateCheck = 0820;
				LastUpgradeCheck = 0820;
				ORGANIZATIONNAME = "Fiona Thompson";
				TargetAttributes = {
					5FE5C17B1E5FA2120061FAA2 = {
						CreatedOnToolsVersion = 8.2;
						ProvisioningStyle = Automatic;
					};
				};
			};
			buildConfigurationList = 5FE5C1771E5FA2120061FAA2 /* Build configuration list for PBXProject "Chatter" */;
			compatibilityVersion = "Xcode 3.2";
			developmentRegion = English;
			hasScannedForEncodings = 0;
			knownRegions = (
				en,
				Base,
			);
			mainGroup = 5FE5C1731E5FA2120061FAA2;
			productRefGroup = 5FE5C17D1E5FA2120061FAA2 /* Products */;
			projectDirPath = "";
			projectRoot = "";
			targets = (
				5FE5C17B1E5FA2120061FAA2 /* Chatter */,
			);
		};
/* End PBXProject section */

/* Begin PBXResourcesBuildPhase section */
		5FE5C17A1E5FA2120061FAA2 /* Resources */ = {
			isa = PBXResourcesBuildPhase;
			buildActionMask = 2147483647;
			files = (
				5FE5C18A1E5FA2120061FAA2 /* LaunchScreen.storyboard in Resources */,
				5FE5C1871E5FA2120061FAA2 /* Assets.xcassets in Resources */,
				5FE5C1851E5FA2120061FAA2 /* Main.storyboard in Resources */,
			);
			runOnlyForDeploymentPostprocessing = 0;
		};
/* End PBXResourcesBuildPhase section */

/* Begin PBXShellScriptBuildPhase section */
		14D26F23FD20A987B8AB3A60 /* [CP] Copy Pods Resources */ = {
			isa = PBXShellScriptBuildPhase;
			buildActionMask = 2147483647;
			files = (
			);
			inputPaths = (
			);
			name = "[CP] Copy Pods Resources";
			outputPaths = (
			);
			runOnlyForDeploymentPostprocessing = 0;
			shellPath = /bin/sh;
			shellScript = "\"${SRCROOT}/Pods/Target Support Files/Pods-Chatter/Pods-Chatter-resources.sh\"\n";
			showEnvVarsInLog = 0;
		};
		5528BD5D4D8F8CB84ECED19C /* [CP] Embed Pods Frameworks */ = {
			isa = PBXShellScriptBuildPhase;
			buildActionMask = 2147483647;
			files = (
			);
			inputPaths = (
			);
			name = "[CP] Embed Pods Frameworks";
			outputPaths = (
			);
			runOnlyForDeploymentPostprocessing = 0;
			shellPath = /bin/sh;
			shellScript = "\"${SRCROOT}/Pods/Target Support Files/Pods-Chatter/Pods-Chatter-frameworks.sh\"\n";
			showEnvVarsInLog = 0;
		};
		EE9066E7C4365C561E4E6199 /* [CP] Check Pods Manifest.lock */ = {
			isa = PBXShellScriptBuildPhase;
			buildActionMask = 2147483647;
			files = (
			);
			inputPaths = (
			);
			name = "[CP] Check Pods Manifest.lock";
			outputPaths = (
			);
			runOnlyForDeploymentPostprocessing = 0;
			shellPath = /bin/sh;
			shellScript = "diff \"${PODS_ROOT}/../Podfile.lock\" \"${PODS_ROOT}/Manifest.lock\" > /dev/null\nif [ $? != 0 ] ; then\n    # print error to STDERR\n    echo \"error: The sandbox is not in sync with the Podfile.lock. Run 'pod install' or update your CocoaPods installation.\" >&2\n    exit 1\nfi\n";
			showEnvVarsInLog = 0;
		};
/* End PBXShellScriptBuildPhase section */

/* Begin PBXSourcesBuildPhase section */
		5FE5C1781E5FA2120061FAA2 /* Sources */ = {
			isa = PBXSourcesBuildPhase;
			buildActionMask = 2147483647;
			files = (
				5FE5C1921E5FA4A40061FAA2 /* LoginViewController.swift in Sources */,
				5FE5C1821E5FA2120061FAA2 /* ViewController.swift in Sources */,
				5FE5C1801E5FA2120061FAA2 /* AppDelegate.swift in Sources */,
			);
			runOnlyForDeploymentPostprocessing = 0;
		};
/* End PBXSourcesBuildPhase section */

/* Begin PBXVariantGroup section */
		5FE5C1831E5FA2120061FAA2 /* Main.storyboard */ = {
			isa = PBXVariantGroup;
			children = (
				5FE5C1841E5FA2120061FAA2 /* Base */,
			);
			name = Main.storyboard;
			sourceTree = "<group>";
		};
		5FE5C1881E5FA2120061FAA2 /* LaunchScreen.storyboard */ = {
			isa = PBXVariantGroup;
			children = (
				5FE5C1891E5FA2120061FAA2 /* Base */,
			);
			name = LaunchScreen.storyboard;
			sourceTree = "<group>";
		};
/* End PBXVariantGroup section */

/* Begin XCBuildConfiguration section */
		5FE5C18C1E5FA2120061FAA2 /* Debug */ = {
			isa = XCBuildConfiguration;
			buildSettings = {
				ALWAYS_SEARCH_USER_PATHS = NO;
				CLANG_ANALYZER_NONNULL = YES;
				CLANG_CXX_LANGUAGE_STANDARD = "gnu++0x";
				CLANG_CXX_LIBRARY = "libc++";
				CLANG_ENABLE_MODULES = YES;
				CLANG_ENABLE_OBJC_ARC = YES;
				CLANG_WARN_BOOL_CONVERSION = YES;
				CLANG_WARN_CONSTANT_CONVERSION = YES;
				CLANG_WARN_DIRECT_OBJC_ISA_USAGE = YES_ERROR;
				CLANG_WARN_DOCUMENTATION_COMMENTS = YES;
				CLANG_WARN_EMPTY_BODY = YES;
				CLANG_WARN_ENUM_CONVERSION = YES;
				CLANG_WARN_INFINITE_RECURSION = YES;
				CLANG_WARN_INT_CONVERSION = YES;
				CLANG_WARN_OBJC_ROOT_CLASS = YES_ERROR;
				CLANG_WARN_SUSPICIOUS_MOVE = YES;
				CLANG_WARN_UNREACHABLE_CODE = YES;
				CLANG_WARN__DUPLICATE_METHOD_MATCH = YES;
				"CODE_SIGN_IDENTITY[sdk=iphoneos*]" = "iPhone Developer";
				COPY_PHASE_STRIP = NO;
				DEBUG_INFORMATION_FORMAT = dwarf;
				ENABLE_STRICT_OBJC_MSGSEND = YES;
				ENABLE_TESTABILITY = YES;
				GCC_C_LANGUAGE_STANDARD = gnu99;
				GCC_DYNAMIC_NO_PIC = NO;
				GCC_NO_COMMON_BLOCKS = YES;
				GCC_OPTIMIZATION_LEVEL = 0;
				GCC_PREPROCESSOR_DEFINITIONS = (
					"DEBUG=1",
					"$(inherited)",
				);
				GCC_WARN_64_TO_32_BIT_CONVERSION = YES;
				GCC_WARN_ABOUT_RETURN_TYPE = YES_ERROR;
				GCC_WARN_UNDECLARED_SELECTOR = YES;
				GCC_WARN_UNINITIALIZED_AUTOS = YES_AGGRESSIVE;
				GCC_WARN_UNUSED_FUNCTION = YES;
				GCC_WARN_UNUSED_VARIABLE = YES;
				IPHONEOS_DEPLOYMENT_TARGET = 10.2;
				MTL_ENABLE_DEBUG_INFO = YES;
				ONLY_ACTIVE_ARCH = YES;
				SDKROOT = iphoneos;
				SWIFT_ACTIVE_COMPILATION_CONDITIONS = DEBUG;
				SWIFT_OPTIMIZATION_LEVEL = "-Onone";
			};
			name = Debug;
		};
		5FE5C18D1E5FA2120061FAA2 /* Release */ = {
			isa = XCBuildConfiguration;
			buildSettings = {
				ALWAYS_SEARCH_USER_PATHS = NO;
				CLANG_ANALYZER_NONNULL = YES;
				CLANG_CXX_LANGUAGE_STANDARD = "gnu++0x";
				CLANG_CXX_LIBRARY = "libc++";
				CLANG_ENABLE_MODULES = YES;
				CLANG_ENABLE_OBJC_ARC = YES;
				CLANG_WARN_BOOL_CONVERSION = YES;
				CLANG_WARN_CONSTANT_CONVERSION = YES;
				CLANG_WARN_DIRECT_OBJC_ISA_USAGE = YES_ERROR;
				CLANG_WARN_DOCUMENTATION_COMMENTS = YES;
				CLANG_WARN_EMPTY_BODY = YES;
				CLANG_WARN_ENUM_CONVERSION = YES;
				CLANG_WARN_INFINITE_RECURSION = YES;
				CLANG_WARN_INT_CONVERSION = YES;
				CLANG_WARN_OBJC_ROOT_CLASS = YES_ERROR;
				CLANG_WARN_SUSPICIOUS_MOVE = YES;
				CLANG_WARN_UNREACHABLE_CODE = YES;
				CLANG_WARN__DUPLICATE_METHOD_MATCH = YES;
				"CODE_SIGN_IDENTITY[sdk=iphoneos*]" = "iPhone Developer";
				COPY_PHASE_STRIP = NO;
				DEBUG_INFORMATION_FORMAT = "dwarf-with-dsym";
				ENABLE_NS_ASSERTIONS = NO;
				ENABLE_STRICT_OBJC_MSGSEND = YES;
				GCC_C_LANGUAGE_STANDARD = gnu99;
				GCC_NO_COMMON_BLOCKS = YES;
				GCC_WARN_64_TO_32_BIT_CONVERSION = YES;
				GCC_WARN_ABOUT_RETURN_TYPE = YES_ERROR;
				GCC_WARN_UNDECLARED_SELECTOR = YES;
				GCC_WARN_UNINITIALIZED_AUTOS = YES_AGGRESSIVE;
				GCC_WARN_UNUSED_FUNCTION = YES;
				GCC_WARN_UNUSED_VARIABLE = YES;
				IPHONEOS_DEPLOYMENT_TARGET = 10.2;
				MTL_ENABLE_DEBUG_INFO = NO;
				SDKROOT = iphoneos;
				SWIFT_OPTIMIZATION_LEVEL = "-Owholemodule";
				VALIDATE_PRODUCT = YES;
			};
			name = Release;
		};
		5FE5C18F1E5FA2120061FAA2 /* Debug */ = {
			isa = XCBuildConfiguration;
			baseConfigurationReference = 0F6C44BF6565DC5DA6B308E3 /* Pods-Chatter.debug.xcconfig */;
			buildSettings = {
				ASSETCATALOG_COMPILER_APPICON_NAME = AppIcon;
				INFOPLIST_FILE = Chatter/Info.plist;
				LD_RUNPATH_SEARCH_PATHS = "$(inherited) @executable_path/Frameworks";
				PRODUCT_BUNDLE_IDENTIFIER = com.fionathompson.Chatter;
				PRODUCT_NAME = "$(TARGET_NAME)";
				SWIFT_VERSION = 3.0;
			};
			name = Debug;
		};
		5FE5C1901E5FA2120061FAA2 /* Release */ = {
			isa = XCBuildConfiguration;
			baseConfigurationReference = 4C213DB47DBD5CCBD8AC78C6 /* Pods-Chatter.release.xcconfig */;
			buildSettings = {
				ASSETCATALOG_COMPILER_APPICON_NAME = AppIcon;
				INFOPLIST_FILE = Chatter/Info.plist;
				LD_RUNPATH_SEARCH_PATHS = "$(inherited) @executable_path/Frameworks";
				PRODUCT_BUNDLE_IDENTIFIER = com.fionathompson.Chatter;
				PRODUCT_NAME = "$(TARGET_NAME)";
				SWIFT_VERSION = 3.0;
			};
			name = Release;
		};
/* End XCBuildConfiguration section */

/* Begin XCConfigurationList section */
		5FE5C1771E5FA2120061FAA2 /* Build configuration list for PBXProject "Chatter" */ = {
			isa = XCConfigurationList;
			buildConfigurations = (
				5FE5C18C1E5FA2120061FAA2 /* Debug */,
				5FE5C18D1E5FA2120061FAA2 /* Release */,
			);
			defaultConfigurationIsVisible = 0;
			defaultConfigurationName = Release;
		};
		5FE5C18E1E5FA2120061FAA2 /* Build configuration list for PBXNativeTarget "Chatter" */ = {
			isa = XCConfigurationList;
			buildConfigurations = (
				5FE5C18F1E5FA2120061FAA2 /* Debug */,
				5FE5C1901E5FA2120061FAA2 /* Release */,
			);
			defaultConfigurationIsVisible = 0;
			defaultConfigurationName = Release;
		};
/* End XCConfigurationList section */
	};
	rootObject = 5FE5C1741E5FA2120061FAA2 /* Project object */;
}
